
Microsoft Visual Studio Solution File, Format Version 12.00
# Visual Studio Version 17
VisualStudioVersion = 17.3.32611.2
MinimumVisualStudioVersion = 10.0.40219.1
Project("{FAE04EC0-301F-11D3-BF4B-00C04F79EFBC}") = "Maui.Controls.RatingView", "Maui.Controls.RatingView\Maui.Controls.RatingView.csproj", "{FDAE4778-39D9-4C72-9A18-41DE435AD313}"
EndProject
Project("{FAE04EC0-301F-11D3-BF4B-00C04F79EFBC}") = "RatingTestApp", "RatingTestApp\RatingTestApp.csproj", "{8AC177F1-77FF-442C-9CC1-32DDFAF55EBC}"
EndProject
Global
	GlobalSection(SolutionConfigurationPlatforms) = preSolution
		Debug|Any CPU = Debug|Any CPU
		Release|Any CPU = Release|Any CPU
	EndGlobalSection
	GlobalSection(ProjectConfigurationPlatforms) = postSolution
		{FDAE4778-39D9-4C72-9A18-41DE435AD313}.Debug|Any CPU.ActiveCfg = Debug|Any CPU
		{FDAE4778-39D9-4C72-9A18-41DE435AD313}.Debug|Any CPU.Build.0 = Debug|Any CPU
		{FDAE4778-39D9-4C72-9A18-41DE435AD313}.Release|Any CPU.ActiveCfg = Release|Any CPU
		{FDAE4778-39D9-4C72-9A18-41DE435AD313}.Release|Any CPU.Build.0 = Release|Any CPU
		{8AC177F1-77FF-442C-9CC1-32DDFAF55EBC}.Debug|Any CPU.ActiveCfg = Debug|Any CPU
		{8AC177F1-77FF-442C-9CC1-32DDFAF55EBC}.Debug|Any CPU.Build.0 = Debug|Any CPU
		{8AC177F1-77FF-442C-9CC1-32DDFAF55EBC}.Debug|Any CPU.Deploy.0 = Debug|Any CPU
		{8AC177F1-77FF-442C-9CC1-32DDFAF55EBC}.Release|Any CPU.ActiveCfg = Release|Any CPU
		{8AC177F1-77FF-442C-9CC1-32DDFAF55EBC}.Release|Any CPU.Build.0 = Release|Any CPU
		{8AC177F1-77FF-442C-9CC1-32DDFAF55EBC}.Release|Any CPU.Deploy.0 = Release|Any CPU
	EndGlobalSection
	GlobalSection(SolutionProperties) = preSolution
		HideSolutionNode = FALSE
	EndGlobalSection
	GlobalSection(ExtensibilityGlobals) = postSolution
		SolutionGuid = {03CDC0EA-F659-4451-9337-540A33738CA6}
	EndGlobalSection
EndGlobal
